{
  "name": "catch-front",
  "version": "1.0.0",
  "lockfileVersion": 3,
  "requires": true,
  "packages": {
    "": {
      "name": "catch-front",
      "version": "1.0.0",
      "license": "ISC",
      "dependencies": {
        "dayjs": "^1.11.11"
      }
    },
    "node_modules/dayjs": {
      "version": "1.11.11",
      "resolved": "http://registry.npm.souche-inc.com/dayjs/download/dayjs-1.11.11.tgz",
      "integrity": "sha1-3+Dp1Uxfi2jM+MpfcqxgPn5e1Z4=",
      "license": "MIT"
    }
  }
}
